
Microsoft Visual Studio Solution File, Format Version 11.00
# Visual Studio 2010
Project("{FAE04EC0-301F-11D3-BF4B-00C04F79EFBC}") = "Prueba", "Prueba\Prueba.csproj", "{F423E376-9CAB-4A1A-91FE-F9E408BDA4D2}"
EndProject
Global
	GlobalSection(SolutionConfigurationPlatforms) = preSolution
		Debug|x86 = Debug|x86
		Release|x86 = Release|x86
	EndGlobalSection
	GlobalSection(ProjectConfigurationPlatforms) = postSolution
		{F423E376-9CAB-4A1A-91FE-F9E408BDA4D2}.Debug|x86.ActiveCfg = Debug|x86
		{F423E376-9CAB-4A1A-91FE-F9E408BDA4D2}.Debug|x86.Build.0 = Debug|x86
		{F423E376-9CAB-4A1A-91FE-F9E408BDA4D2}.Release|x86.ActiveCfg = Release|x86
		{F423E376-9CAB-4A1A-91FE-F9E408BDA4D2}.Release|x86.Build.0 = Release|x86
	EndGlobalSection
	GlobalSection(MonoDevelopProperties) = preSolution
		StartupItem = Prueba\Prueba.csproj
	EndGlobalSection
EndGlobal
