
Microsoft Visual Studio Solution File, Format Version 12.00
# Visual Studio 2013
VisualStudioVersion = 12.0.21005.1
MinimumVisualStudioVersion = 10.0.40219.1
Project("{FAE04EC0-301F-11D3-BF4B-00C04F79EFBC}") = "FrmSeguros", "FrmSeguros\FrmSeguros.csproj", "{95D9D9BA-20BA-404A-A5B5-574D4EEB8EB0}"
EndProject
Project("{FAE04EC0-301F-11D3-BF4B-00C04F79EFBC}") = "libSeguros", "..\ClaseParcial\ClaseParcial\libSeguros.csproj", "{21C70EA6-57A5-458C-A4B8-DF09BD2CC74C}"
EndProject
Global
	GlobalSection(SolutionConfigurationPlatforms) = preSolution
		Debug|Any CPU = Debug|Any CPU
		Release|Any CPU = Release|Any CPU
	EndGlobalSection
	GlobalSection(ProjectConfigurationPlatforms) = postSolution
		{95D9D9BA-20BA-404A-A5B5-574D4EEB8EB0}.Debug|Any CPU.ActiveCfg = Debug|Any CPU
		{95D9D9BA-20BA-404A-A5B5-574D4EEB8EB0}.Debug|Any CPU.Build.0 = Debug|Any CPU
		{95D9D9BA-20BA-404A-A5B5-574D4EEB8EB0}.Release|Any CPU.ActiveCfg = Release|Any CPU
		{95D9D9BA-20BA-404A-A5B5-574D4EEB8EB0}.Release|Any CPU.Build.0 = Release|Any CPU
		{21C70EA6-57A5-458C-A4B8-DF09BD2CC74C}.Debug|Any CPU.ActiveCfg = Debug|Any CPU
		{21C70EA6-57A5-458C-A4B8-DF09BD2CC74C}.Debug|Any CPU.Build.0 = Debug|Any CPU
		{21C70EA6-57A5-458C-A4B8-DF09BD2CC74C}.Release|Any CPU.ActiveCfg = Release|Any CPU
		{21C70EA6-57A5-458C-A4B8-DF09BD2CC74C}.Release|Any CPU.Build.0 = Release|Any CPU
	EndGlobalSection
	GlobalSection(SolutionProperties) = preSolution
		HideSolutionNode = FALSE
	EndGlobalSection
EndGlobal
